# THIS IS AN AUTOGENERATED FILE. DO NOT EDIT THIS FILE DIRECTLY.
# yarn lockfile v1


"@adobe/css-tools@^4.0.1":
  version "4.4.1"
  resolved "https://registry.yarnpkg.com/@adobe/css-tools/-/css-tools-4.4.1.tgz#2447a230bfe072c1659e6815129c03cf170710e3"
  integrity sha512-12WGKBQzjUAI4ayyF4IAtfw2QR/IDoqk6jTddXDhtYTJF9ASmoE1zst7cVtP0aL/F1jUJL5r+JxKXKEgHNbEUQ==

"@babel/code-frame@^7.10.4", "@babel/code-frame@^7.12.13":
  version "7.26.2"
  resolved "https://registry.yarnpkg.com/@babel/code-frame/-/code-frame-7.26.2.tgz#4b5fab97d33338eff916235055f0ebc21e573a85"
  integrity sha512-RJlIHRueQgwWitWgF8OdFYGZX328Ax5BCemNGlqHfplnRT9ESi8JkFlvaVYbS+UubVY6dpv87Fs2u5M29iNFVQ==
  dependencies:
    "@babel/helper-validator-identifier" "^7.25.9"
    js-tokens "^4.0.0"
    picocolors "^1.0.0"

"@babel/helper-validator-identifier@^7.25.9":
  version "7.25.9"
  resolved "https://registry.yarnpkg.com/@babel/helper-validator-identifier/-/helper-validator-identifier-7.25.9.tgz#24b64e2c3ec7cd3b3c547729b8d16871f22cbdc7"
  integrity sha512-Ed61U6XJc3CVRfkERJWDz4dJwKe7iLmmJsbOGu9wSloNSFttHV0I8g6UAgb7qnK5ly5bGLPd4oXZlxCdANBOWQ==

"@babel/runtime@^7.12.5", "@babel/runtime@^7.9.2":
  version "7.26.7"
  resolved "https://registry.yarnpkg.com/@babel/runtime/-/runtime-7.26.7.tgz#f4e7fe527cd710f8dc0618610b61b4b060c3c341"
  integrity sha512-AOPI3D+a8dXnja+iwsUqGRjr1BbZIe771sXdapOtYI531gSqpi92vXivKcq2asu/DFpdl1ceFAKZyRzK2PCVcQ==
  dependencies:
    regenerator-runtime "^0.14.0"

"@jest/expect-utils@^29.7.0":
  version "29.7.0"
  resolved "https://registry.yarnpkg.com/@jest/expect-utils/-/expect-utils-29.7.0.tgz#023efe5d26a8a70f21677d0a1afc0f0a44e3a1c6"
  integrity sha512-GlsNBWiFQFCVi9QVSx7f5AgMeLxe9YCCs5PuP2O2LdjDAA8Jh9eX7lA1Jq/xdXw3Wb3hyvlFNfZIfcRetSzYcA==
  dependencies:
    jest-get-type "^29.6.3"

"@jest/schemas@^29.6.3":
  version "29.6.3"
  resolved "https://registry.yarnpkg.com/@jest/schemas/-/schemas-29.6.3.tgz#430b5ce8a4e0044a7e3819663305a7b3091c8e03"
  integrity sha512-mo5j5X+jIZmJQveBKeS/clAueipV7KgiX1vMgCxam1RNYiqE1w62n0/tJJnHtjW8ZHcQco5gY85jA3mi0L+nSA==
  dependencies:
    "@sinclair/typebox" "^0.27.8"

"@jest/types@^29.6.3":
  version "29.6.3"
  resolved "https://registry.yarnpkg.com/@jest/types/-/types-29.6.3.tgz#1131f8cf634e7e84c5e77bab12f052af585fba59"
  integrity sha512-u3UPsIilWKOM3F9CXtrG8LEJmNxwoCQC/XVj4IKYXvvpx7QIi/Kg1LI5uDmDpKlac62NUtX7eLjRh+jVZcLOzw==
  dependencies:
    "@jest/schemas" "^29.6.3"
    "@types/istanbul-lib-coverage" "^2.0.0"
    "@types/istanbul-reports" "^3.0.0"
    "@types/node" "*"
    "@types/yargs" "^17.0.8"
    chalk "^4.0.0"

"@sinclair/typebox@^0.27.8":
  version "0.27.8"
  resolved "https://registry.yarnpkg.com/@sinclair/typebox/-/typebox-0.27.8.tgz#6667fac16c436b5434a387a34dedb013198f6e6e"
  integrity sha512-+Fj43pSMwJs4KRrH/938Uf+uAELIgVBmQzg/q1YG10djyfA3TnrU8N8XzqCh/okZdszqBQTZf96idMfE5lnwTA==

"@testing-library/dom@^9.0.0":
  version "9.3.4"
  resolved "https://registry.yarnpkg.com/@testing-library/dom/-/dom-9.3.4.tgz#50696ec28376926fec0a1bf87d9dbac5e27f60ce"
  integrity sha512-FlS4ZWlp97iiNWig0Muq8p+3rVDjRiYE+YKGbAqXOu9nwJFFOdL00kFpz42M+4huzYi86vAK1sOOfyOG45muIQ==
  dependencies:
    "@babel/code-frame" "^7.10.4"
    "@babel/runtime" "^7.12.5"
    "@types/aria-query" "^5.0.1"
    aria-query "5.1.3"
    chalk "^4.1.0"
    dom-accessibility-api "^0.5.9"
    lz-string "^1.5.0"
    pretty-format "^27.0.2"

"@testing-library/jest-dom@5":
  version "5.17.0"
  resolved "https://registry.yarnpkg.com/@testing-library/jest-dom/-/jest-dom-5.17.0.tgz#5e97c8f9a15ccf4656da00fecab505728de81e0c"
  integrity sha512-ynmNeT7asXyH3aSVv4vvX4Rb+0qjOhdNHnO/3vuZNqPmhDpV/+rCSGwQ7bLcmU2cJ4dvoheIO85LQj0IbJHEtg==
  dependencies:
    "@adobe/css-tools" "^4.0.1"
    "@babel/runtime" "^7.9.2"
    "@types/testing-library__jest-dom" "^5.9.1"
    aria-query "^5.0.0"
    chalk "^3.0.0"
    css.escape "^1.5.1"
    dom-accessibility-api "^0.5.6"
    lodash "^4.17.15"
    redent "^3.0.0"

"@testing-library/react@14":
  version "14.3.1"
  resolved "https://registry.yarnpkg.com/@testing-library/react/-/react-14.3.1.tgz#29513fc3770d6fb75245c4e1245c470e4ffdd830"
  integrity sha512-H99XjUhWQw0lTgyMN05W3xQG1Nh4lq574D8keFf1dDoNTJgp66VbJozRaczoF+wsiaPJNt/TcnfpLGufGxSrZQ==
  dependencies:
    "@babel/runtime" "^7.12.5"
    "@testing-library/dom" "^9.0.0"
    "@types/react-dom" "^18.0.0"

"@testing-library/user-event@14":
  version "14.6.1"
  resolved "https://registry.yarnpkg.com/@testing-library/user-event/-/user-event-14.6.1.tgz#13e09a32d7a8b7060fe38304788ebf4197cd2149"
  integrity sha512-vq7fv0rnt+QTXgPxr5Hjc210p6YKq2kmdziLgnsZGgLJ9e6VAShx1pACLuRjd/AS/sr7phAR58OIIpf0LlmQNw==

"@types/aria-query@^5.0.1":
  version "5.0.4"
  resolved "https://registry.yarnpkg.com/@types/aria-query/-/aria-query-5.0.4.tgz#1a31c3d378850d2778dabb6374d036dcba4ba708"
  integrity sha512-rfT93uj5s0PRL7EzccGMs3brplhcrghnDoV26NqKhCAS1hVo+WdNsPvE/yb6ilfr5hi2MEk6d5EWJTKdxg8jVw==

"@types/istanbul-lib-coverage@*", "@types/istanbul-lib-coverage@^2.0.0":
  version "2.0.6"
  resolved "https://registry.yarnpkg.com/@types/istanbul-lib-coverage/-/istanbul-lib-coverage-2.0.6.tgz#7739c232a1fee9b4d3ce8985f314c0c6d33549d7"
  integrity sha512-2QF/t/auWm0lsy8XtKVPG19v3sSOQlJe/YHZgfjb/KBBHOGSV+J2q/S671rcq9uTBrLAXmZpqJiaQbMT+zNU1w==

"@types/istanbul-lib-report@*":
  version "3.0.3"
  resolved "https://registry.yarnpkg.com/@types/istanbul-lib-report/-/istanbul-lib-report-3.0.3.tgz#53047614ae72e19fc0401d872de3ae2b4ce350bf"
  integrity sha512-NQn7AHQnk/RSLOxrBbGyJM/aVQ+pjj5HCgasFxc0K/KhoATfQ/47AyUl15I2yBUpihjmas+a+VJBOqecrFH+uA==
  dependencies:
    "@types/istanbul-lib-coverage" "*"

"@types/istanbul-reports@^3.0.0":
  version "3.0.4"
  resolved "https://registry.yarnpkg.com/@types/istanbul-reports/-/istanbul-reports-3.0.4.tgz#0f03e3d2f670fbdac586e34b433783070cc16f54"
  integrity sha512-pk2B1NWalF9toCRu6gjBzR69syFjP4Od8WRAX+0mmf9lAjCRicLOWc+ZrxZHx/0XRjotgkF9t6iaMJ+aXcOdZQ==
  dependencies:
    "@types/istanbul-lib-report" "*"

"@types/jest@*":
  version "29.5.14"
  resolved "https://registry.yarnpkg.com/@types/jest/-/jest-29.5.14.tgz#2b910912fa1d6856cadcd0c1f95af7df1d6049e5"
  integrity sha512-ZN+4sdnLUbo8EVvVc2ao0GFW6oVrQRPn4K2lglySj7APvSrgzxHiNNK99us4WDMi57xxA2yggblIAMNhXOotLQ==
  dependencies:
    expect "^29.0.0"
    pretty-format "^29.0.0"

"@types/node@*":
  version "22.13.0"
  resolved "https://registry.yarnpkg.com/@types/node/-/node-22.13.0.tgz#d376dd9a0ee2f9382d86c2d5d7beb4d198b4ea8c"
  integrity sha512-ClIbNe36lawluuvq3+YYhnIN2CELi+6q8NpnM7PYp4hBn/TatfboPgVSm2rwKRfnV2M+Ty9GWDFI64KEe+kysA==
  dependencies:
    undici-types "~6.20.0"

"@types/react-dom@^18.0.0":
  version "18.3.5"
  resolved "https://registry.yarnpkg.com/@types/react-dom/-/react-dom-18.3.5.tgz#45f9f87398c5dcea085b715c58ddcf1faf65f716"
  integrity sha512-P4t6saawp+b/dFrUr2cvkVsfvPguwsxtH6dNIYRllMsefqFzkZk5UIjzyDOv5g1dXIPdG4Sp1yCR4Z6RCUsG/Q==

"@types/stack-utils@^2.0.0":
  version "2.0.3"
  resolved "https://registry.yarnpkg.com/@types/stack-utils/-/stack-utils-2.0.3.tgz#6209321eb2c1712a7e7466422b8cb1fc0d9dd5d8"
  integrity sha512-9aEbYZ3TbYMznPdcdr3SmIrLXwC/AKZXQeCf9Pgao5CKb8CyHuEX5jzWPTkvregvhRJHcpRO6BFoGW9ycaOkYw==

"@types/testing-library__jest-dom@^5.9.1":
  version "5.14.9"
  resolved "https://registry.yarnpkg.com/@types/testing-library__jest-dom/-/testing-library__jest-dom-5.14.9.tgz#0fb1e6a0278d87b6737db55af5967570b67cb466"
  integrity sha512-FSYhIjFlfOpGSRyVoMBMuS3ws5ehFQODymf3vlI7U1K8c7PHwWwFY7VREfmsuzHSOnoKs/9/Y983ayOs7eRzqw==
  dependencies:
    "@types/jest" "*"

"@types/yargs-parser@*":
  version "21.0.3"
  resolved "https://registry.yarnpkg.com/@types/yargs-parser/-/yargs-parser-21.0.3.tgz#815e30b786d2e8f0dcd85fd5bcf5e1a04d008f15"
  integrity sha512-I4q9QU9MQv4oEOz4tAHJtNz1cwuLxn2F3xcc2iV5WdqLPpUnj30aUuxt1mAxYTG+oe8CZMV/+6rU4S4gRDzqtQ==

"@types/yargs@^17.0.8":
  version "17.0.33"
  resolved "https://registry.yarnpkg.com/@types/yargs/-/yargs-17.0.33.tgz#8c32303da83eec050a84b3c7ae7b9f922d13e32d"
  integrity sha512-WpxBCKWPLr4xSsHgz511rFJAM+wS28w2zEO1QDNY5zM/S8ok70NNfztH0xwhqKyaK0OHCbN98LDAZuy1ctxDkA==
  dependencies:
    "@types/yargs-parser" "*"

ansi-regex@^5.0.1:
  version "5.0.1"
  resolved "https://registry.yarnpkg.com/ansi-regex/-/ansi-regex-5.0.1.tgz#082cb2c89c9fe8659a311a53bd6a4dc5301db304"
  integrity sha512-quJQXlTSUGL2LH9SUXo8VwsY4soanhgo6LNSm84E1LBcE8s3O0wpdiRzyR9z/ZZJMlMWv37qOOb9pdJlMUEKFQ==

ansi-styles@^4.1.0:
  version "4.3.0"
  resolved "https://registry.yarnpkg.com/ansi-styles/-/ansi-styles-4.3.0.tgz#edd803628ae71c04c85ae7a0906edad34b648937"
  integrity sha512-zbB9rCJAT1rbjiVDb2hqKFHNYLxgtk8NURxZ3IZwD3F6NtxbXZQCnnSi1Lkx+IDohdPlFp222wVALIheZJQSEg==
  dependencies:
    color-convert "^2.0.1"

ansi-styles@^5.0.0:
  version "5.2.0"
  resolved "https://registry.yarnpkg.com/ansi-styles/-/ansi-styles-5.2.0.tgz#07449690ad45777d1924ac2abb2fc8895dba836b"
  integrity sha512-Cxwpt2SfTzTtXcfOlzGEee8O+c+MmUgGrNiBcXnuWxuFJHe6a5Hz7qwhwe5OgaSYI0IJvkLqWX1ASG+cJOkEiA==

aria-query@5.1.3:
  version "5.1.3"
  resolved "https://registry.yarnpkg.com/aria-query/-/aria-query-5.1.3.tgz#19db27cd101152773631396f7a95a3b58c22c35e"
  integrity sha512-R5iJ5lkuHybztUfuOAznmboyjWq8O6sqNqtK7CLOqdydi54VNbORp49mb14KbWgG1QD3JFO9hJdZ+y4KutfdOQ==
  dependencies:
    deep-equal "^2.0.5"

aria-query@^5.0.0:
  version "5.3.2"
  resolved "https://registry.yarnpkg.com/aria-query/-/aria-query-5.3.2.tgz#93f81a43480e33a338f19163a3d10a50c01dcd59"
  integrity sha512-COROpnaoap1E2F000S62r6A60uHZnmlvomhfyT2DlTcrY1OrBKn2UhH7qn5wTC9zMvD0AY7csdPSNwKP+7WiQw==

array-buffer-byte-length@^1.0.0:
  version "1.0.2"
  resolved "https://registry.yarnpkg.com/array-buffer-byte-length/-/array-buffer-byte-length-1.0.2.tgz#384d12a37295aec3769ab022ad323a18a51ccf8b"
  integrity sha512-LHE+8BuR7RYGDKvnrmcuSq3tDcKv9OFEXQt/HpbZhY7V6h0zlUXutnAD82GiFx9rdieCMjkvtcsPqBwgUl1Iiw==
  dependencies:
    call-bound "^1.0.3"
    is-array-buffer "^3.0.5"

available-typed-arrays@^1.0.7:
  version "1.0.7"
  resolved "https://registry.yarnpkg.com/available-typed-arrays/-/available-typed-arrays-1.0.7.tgz#a5cc375d6a03c2efc87a553f3e0b1522def14846"
  integrity sha512-wvUjBtSGN7+7SjNpq/9M2Tg350UZD3q62IFZLbRAR1bSMlCo1ZaeW+BJ+D090e4hIIZLBcTDWe4Mh4jvUDajzQ==
  dependencies:
    possible-typed-array-names "^1.0.0"

braces@^3.0.3:
  version "3.0.3"
  resolved "https://registry.yarnpkg.com/braces/-/braces-3.0.3.tgz#490332f40919452272d55a8480adc0c441358789"
  integrity sha512-yQbXgO/OSZVD2IsiLlro+7Hf6Q18EJrKSEsdoMzKePKXct3gvD8oLcOQdIzGupr5Fj+EDe8gO/lxc1BzfMpxvA==
  dependencies:
    fill-range "^7.1.1"

call-bind-apply-helpers@^1.0.0, call-bind-apply-helpers@^1.0.1:
  version "1.0.1"
  resolved "https://registry.yarnpkg.com/call-bind-apply-helpers/-/call-bind-apply-helpers-1.0.1.tgz#32e5892e6361b29b0b545ba6f7763378daca2840"
  integrity sha512-BhYE+WDaywFg2TBWYNXAE+8B1ATnThNBqXHP5nQu0jWJdVvY2hvkpyB3qOmtmDePiS5/BDQ8wASEWGMWRG148g==
  dependencies:
    es-errors "^1.3.0"
    function-bind "^1.1.2"

call-bind@^1.0.2, call-bind@^1.0.5, call-bind@^1.0.7, call-bind@^1.0.8:
  version "1.0.8"
  resolved "https://registry.yarnpkg.com/call-bind/-/call-bind-1.0.8.tgz#0736a9660f537e3388826f440d5ec45f744eaa4c"
  integrity sha512-oKlSFMcMwpUg2ednkhQ454wfWiU/ul3CkJe/PEHcTKuiX6RpbehUiFMXu13HalGZxfUwCQzZG747YXBn1im9ww==
  dependencies:
    call-bind-apply-helpers "^1.0.0"
    es-define-property "^1.0.0"
    get-intrinsic "^1.2.4"
    set-function-length "^1.2.2"

call-bound@^1.0.2, call-bound@^1.0.3:
  version "1.0.3"
  resolved "https://registry.yarnpkg.com/call-bound/-/call-bound-1.0.3.tgz#41cfd032b593e39176a71533ab4f384aa04fd681"
  integrity sha512-YTd+6wGlNlPxSuri7Y6X8tY2dmm12UMH66RpKMhiX6rsk5wXXnYgbUcOt8kiS31/AjfoTOvCsE+w8nZQLQnzHA==
  dependencies:
    call-bind-apply-helpers "^1.0.1"
    get-intrinsic "^1.2.6"

chalk@^3.0.0:
  version "3.0.0"
  resolved "https://registry.yarnpkg.com/chalk/-/chalk-3.0.0.tgz#3f73c2bf526591f574cc492c51e2456349f844e4"
  integrity sha512-4D3B6Wf41KOYRFdszmDqMCGq5VV/uMAB273JILmO+3jAlh8X4qDtdtgCR3fxtbLEMzSx22QdhnDcJvu2u1fVwg==
  dependencies:
    ansi-styles "^4.1.0"
    supports-color "^7.1.0"

chalk@^4.0.0, chalk@^4.1.0:
  version "4.1.2"
  resolved "https://registry.yarnpkg.com/chalk/-/chalk-4.1.2.tgz#aac4e2b7734a740867aeb16bf02aad556a1e7a01"
  integrity sha512-oKnbhFyRIXpUuez8iBMmyEa4nbj4IOQyuhc/wy9kY7/WVPcwIO9VA668Pu8RkO7+0G76SLROeyw9CpQ061i4mA==
  dependencies:
    ansi-styles "^4.1.0"
    supports-color "^7.1.0"

ci-info@^3.2.0:
  version "3.9.0"
  resolved "https://registry.yarnpkg.com/ci-info/-/ci-info-3.9.0.tgz#4279a62028a7b1f262f3473fc9605f5e218c59b4"
  integrity sha512-NIxF55hv4nSqQswkAeiOi1r83xy8JldOFDTWiug55KBu9Jnblncd2U6ViHmYgHf01TPZS77NJBhBMKdWj9HQMQ==

color-convert@^2.0.1:
  version "2.0.1"
  resolved "https://registry.yarnpkg.com/color-convert/-/color-convert-2.0.1.tgz#72d3a68d598c9bdb3af2ad1e84f21d896abd4de3"
  integrity sha512-RRECPsj7iu/xb5oKYcsFHSppFNnsj/52OVTRKb4zP5onXwVF3zVmmToNcOfGC+CRDpfK/U584fMg38ZHCaElKQ==
  dependencies:
    color-name "~1.1.4"

color-name@~1.1.4:
  version "1.1.4"
  resolved "https://registry.yarnpkg.com/color-name/-/color-name-1.1.4.tgz#c2a09a87acbde69543de6f63fa3995c826c536a2"
  integrity sha512-dOy+3AuW3a2wNbZHIuMZpTcgjGuLU/uBL/ubcZF9OXbDo8ff4O8yVp5Bf0efS8uEoYo5q4Fx7dY9OgQGXgAsQA==

css.escape@^1.5.1:
  version "1.5.1"
  resolved "https://registry.yarnpkg.com/css.escape/-/css.escape-1.5.1.tgz#42e27d4fa04ae32f931a4b4d4191fa9cddee97cb"
  integrity sha512-YUifsXXuknHlUsmlgyY0PKzgPOr7/FjCePfHNt0jxm83wHZi44VDMQ7/fGNkjY3/jV1MC+1CmZbaHzugyeRtpg==

deep-equal@^2.0.5:
  version "2.2.3"
  resolved "https://registry.yarnpkg.com/deep-equal/-/deep-equal-2.2.3.tgz#af89dafb23a396c7da3e862abc0be27cf51d56e1"
  integrity sha512-ZIwpnevOurS8bpT4192sqAowWM76JDKSHYzMLty3BZGSswgq6pBaH3DhCSW5xVAZICZyKdOBPjwww5wfgT/6PA==
  dependencies:
    array-buffer-byte-length "^1.0.0"
    call-bind "^1.0.5"
    es-get-iterator "^1.1.3"
    get-intrinsic "^1.2.2"
    is-arguments "^1.1.1"
    is-array-buffer "^3.0.2"
    is-date-object "^1.0.5"
    is-regex "^1.1.4"
    is-shared-array-buffer "^1.0.2"
    isarray "^2.0.5"
    object-is "^1.1.5"
    object-keys "^1.1.1"
    object.assign "^4.1.4"
    regexp.prototype.flags "^1.5.1"
    side-channel "^1.0.4"
    which-boxed-primitive "^1.0.2"
    which-collection "^1.0.1"
    which-typed-array "^1.1.13"

define-data-property@^1.0.1, define-data-property@^1.1.4:
  version "1.1.4"
  resolved "https://registry.yarnpkg.com/define-data-property/-/define-data-property-1.1.4.tgz#894dc141bb7d3060ae4366f6a0107e68fbe48c5e"
  integrity sha512-rBMvIzlpA8v6E+SJZoo++HAYqsLrkg7MSfIinMPFhmkorw7X+dOXVJQs+QT69zGkzMyfDnIMN2Wid1+NbL3T+A==
  dependencies:
    es-define-property "^1.0.0"
    es-errors "^1.3.0"
    gopd "^1.0.1"

define-properties@^1.2.1:
  version "1.2.1"
  resolved "https://registry.yarnpkg.com/define-properties/-/define-properties-1.2.1.tgz#10781cc616eb951a80a034bafcaa7377f6af2b6c"
  integrity sha512-8QmQKqEASLd5nx0U1B1okLElbUuuttJ/AnYmRXbbbGDWh6uS208EjD4Xqq/I9wK7u0v6O08XhTWnt5XtEbR6Dg==
  dependencies:
    define-data-property "^1.0.1"
    has-property-descriptors "^1.0.0"
    object-keys "^1.1.1"

diff-sequences@^29.6.3:
  version "29.6.3"
  resolved "https://registry.yarnpkg.com/diff-sequences/-/diff-sequences-29.6.3.tgz#4deaf894d11407c51efc8418012f9e70b84ea921"
  integrity sha512-EjePK1srD3P08o2j4f0ExnylqRs5B9tJjcp9t1krH2qRi8CCdsYfwe9JgSLurFBWwq4uOlipzfk5fHNvwFKr8Q==

dom-accessibility-api@^0.5.6, dom-accessibility-api@^0.5.9:
  version "0.5.16"
  resolved "https://registry.yarnpkg.com/dom-accessibility-api/-/dom-accessibility-api-0.5.16.tgz#5a7429e6066eb3664d911e33fb0e45de8eb08453"
  integrity sha512-X7BJ2yElsnOJ30pZF4uIIDfBEVgF4XEBxL9Bxhy6dnrm5hkzqmsWHGTiHqRiITNhMyFLyAiWndIJP7Z1NTteDg==

dunder-proto@^1.0.1:
  version "1.0.1"
  resolved "https://registry.yarnpkg.com/dunder-proto/-/dunder-proto-1.0.1.tgz#d7ae667e1dc83482f8b70fd0f6eefc50da30f58a"
  integrity sha512-KIN/nDJBQRcXw0MLVhZE9iQHmG68qAVIBg9CqmUYjmQIhgij9U5MFvrqkUL5FbtyyzZuOeOt0zdeRe4UY7ct+A==
  dependencies:
    call-bind-apply-helpers "^1.0.1"
    es-errors "^1.3.0"
    gopd "^1.2.0"

es-define-property@^1.0.0, es-define-property@^1.0.1:
  version "1.0.1"
  resolved "https://registry.yarnpkg.com/es-define-property/-/es-define-property-1.0.1.tgz#983eb2f9a6724e9303f61addf011c72e09e0b0fa"
  integrity sha512-e3nRfgfUZ4rNGL232gUgX06QNyyez04KdjFrF+LTRoOXmrOgFKDg4BCdsjW8EnT69eqdYGmRpJwiPVYNrCaW3g==

es-errors@^1.3.0:
  version "1.3.0"
  resolved "https://registry.yarnpkg.com/es-errors/-/es-errors-1.3.0.tgz#05f75a25dab98e4fb1dcd5e1472c0546d5057c8f"
  integrity sha512-Zf5H2Kxt2xjTvbJvP2ZWLEICxA6j+hAmMzIlypy4xcBg1vKVnx89Wy0GbS+kf5cwCVFFzdCFh2XSCFNULS6csw==

es-get-iterator@^1.1.3:
  version "1.1.3"
  resolved "https://registry.yarnpkg.com/es-get-iterator/-/es-get-iterator-1.1.3.tgz#3ef87523c5d464d41084b2c3c9c214f1199763d6"
  integrity sha512-sPZmqHBe6JIiTfN5q2pEi//TwxmAFHwj/XEuYjTuse78i8KxaqMTTzxPoFKuzRpDpTJ+0NAbpfenkmH2rePtuw==
  dependencies:
    call-bind "^1.0.2"
    get-intrinsic "^1.1.3"
    has-symbols "^1.0.3"
    is-arguments "^1.1.1"
    is-map "^2.0.2"
    is-set "^2.0.2"
    is-string "^1.0.7"
    isarray "^2.0.5"
    stop-iteration-iterator "^1.0.0"

es-object-atoms@^1.0.0:
  version "1.1.1"
  resolved "https://registry.yarnpkg.com/es-object-atoms/-/es-object-atoms-1.1.1.tgz#1c4f2c4837327597ce69d2ca190a7fdd172338c1"
  integrity sha512-FGgH2h8zKNim9ljj7dankFPcICIK9Cp5bm+c2gQSYePhpaG5+esrLODihIorn+Pe6FGJzWhXQotPv73jTaldXA==
  dependencies:
    es-errors "^1.3.0"

escape-string-regexp@^2.0.0:
  version "2.0.0"
  resolved "https://registry.yarnpkg.com/escape-string-regexp/-/escape-string-regexp-2.0.0.tgz#a30304e99daa32e23b2fd20f51babd07cffca344"
  integrity sha512-UpzcLCXolUWcNu5HtVMHYdXJjArjsF9C0aNnquZYY4uW/Vu0miy5YoWvbV345HauVvcAUnpRuhMMcqTcGOY2+w==

expect@^29.0.0:
  version "29.7.0"
  resolved "https://registry.yarnpkg.com/expect/-/expect-29.7.0.tgz#578874590dcb3214514084c08115d8aee61e11bc"
  integrity sha512-2Zks0hf1VLFYI1kbh0I5jP3KHHyCHpkfyHBzsSXRFgl/Bg9mWYfMW8oD+PdMPlEwy5HNsR9JutYy6pMeOh61nw==
  dependencies:
    "@jest/expect-utils" "^29.7.0"
    jest-get-type "^29.6.3"
    jest-matcher-utils "^29.7.0"
    jest-message-util "^29.7.0"
    jest-util "^29.7.0"

fill-range@^7.1.1:
  version "7.1.1"
  resolved "https://registry.yarnpkg.com/fill-range/-/fill-range-7.1.1.tgz#44265d3cac07e3ea7dc247516380643754a05292"
  integrity sha512-YsGpe3WHLK8ZYi4tWDg2Jy3ebRz2rXowDxnld4bkQB00cc/1Zw9AWnC0i9ztDJitivtQvaI9KaLyKrc+hBW0yg==
  dependencies:
    to-regex-range "^5.0.1"

for-each@^0.3.3:
  version "0.3.4"
  resolved "https://registry.yarnpkg.com/for-each/-/for-each-0.3.4.tgz#814517ffc303d1399b2564d8165318e735d0341c"
  integrity sha512-kKaIINnFpzW6ffJNDjjyjrk21BkDx38c0xa/klsT8VzLCaMEefv4ZTacrcVR4DmgTeBra++jMDAfS/tS799YDw==
  dependencies:
    is-callable "^1.2.7"

function-bind@^1.1.2:
  version "1.1.2"
  resolved "https://registry.yarnpkg.com/function-bind/-/function-bind-1.1.2.tgz#2c02d864d97f3ea6c8830c464cbd11ab6eab7a1c"
  integrity sha512-7XHNxH7qX9xG5mIwxkhumTox/MIRNcOgDrxWsMt2pAr23WHp6MrRlN7FBSFpCpr+oVO0F744iUgR82nJMfG2SA==

functions-have-names@^1.2.3:
  version "1.2.3"
  resolved "https://registry.yarnpkg.com/functions-have-names/-/functions-have-names-1.2.3.tgz#0404fe4ee2ba2f607f0e0ec3c80bae994133b834"
  integrity sha512-xckBUXyTIqT97tq2x2AMb+g163b5JFysYk0x4qxNFwbfQkmNZoiRHb6sPzI9/QV33WeuvVYBUIiD4NzNIyqaRQ==

get-intrinsic@^1.1.3, get-intrinsic@^1.2.2, get-intrinsic@^1.2.4, get-intrinsic@^1.2.5, get-intrinsic@^1.2.6:
  version "1.2.7"
  resolved "https://registry.yarnpkg.com/get-intrinsic/-/get-intrinsic-1.2.7.tgz#dcfcb33d3272e15f445d15124bc0a216189b9044"
  integrity sha512-VW6Pxhsrk0KAOqs3WEd0klDiF/+V7gQOpAvY1jVU/LHmaD/kQO4523aiJuikX/QAKYiW6x8Jh+RJej1almdtCA==
  dependencies:
    call-bind-apply-helpers "^1.0.1"
    es-define-property "^1.0.1"
    es-errors "^1.3.0"
    es-object-atoms "^1.0.0"
    function-bind "^1.1.2"
    get-proto "^1.0.0"
    gopd "^1.2.0"
    has-symbols "^1.1.0"
    hasown "^2.0.2"
    math-intrinsics "^1.1.0"

get-proto@^1.0.0, get-proto@^1.0.1:
  version "1.0.1"
  resolved "https://registry.yarnpkg.com/get-proto/-/get-proto-1.0.1.tgz#150b3f2743869ef3e851ec0c49d15b1d14d00ee1"
  integrity sha512-sTSfBjoXBp89JvIKIefqw7U2CCebsc74kiY6awiGogKtoSGbgjYE/G/+l9sF3MWFPNc9IcoOC4ODfKHfxFmp0g==
  dependencies:
    dunder-proto "^1.0.1"
    es-object-atoms "^1.0.0"

gopd@^1.0.1, gopd@^1.2.0:
  version "1.2.0"
  resolved "https://registry.yarnpkg.com/gopd/-/gopd-1.2.0.tgz#89f56b8217bdbc8802bd299df6d7f1081d7e51a1"
  integrity sha512-ZUKRh6/kUFoAiTAtTYPZJ3hw9wNxx+BIBOijnlG9PnrJsCcSjs1wyyD6vJpaYtgnzDrKYRSqf3OO6Rfa93xsRg==

graceful-fs@^4.2.9:
  version "4.2.11"
  resolved "https://registry.yarnpkg.com/graceful-fs/-/graceful-fs-4.2.11.tgz#4183e4e8bf08bb6e05bbb2f7d2e0c8f712ca40e3"
  integrity sha512-RbJ5/jmFcNNCcDV5o9eTnBLJ/HszWV0P73bc+Ff4nS/rJj+YaS6IGyiOL0VoBYX+l1Wrl3k63h/KrH+nhJ0XvQ==

has-bigints@^1.0.2:
  version "1.1.0"
  resolved "https://registry.yarnpkg.com/has-bigints/-/has-bigints-1.1.0.tgz#28607e965ac967e03cd2a2c70a2636a1edad49fe"
  integrity sha512-R3pbpkcIqv2Pm3dUwgjclDRVmWpTJW2DcMzcIhEXEx1oh/CEMObMm3KLmRJOdvhM7o4uQBnwr8pzRK2sJWIqfg==

has-flag@^4.0.0:
  version "4.0.0"
  resolved "https://registry.yarnpkg.com/has-flag/-/has-flag-4.0.0.tgz#944771fd9c81c81265c4d6941860da06bb59479b"
  integrity sha512-EykJT/Q1KjTWctppgIAgfSO0tKVuZUjhgMr17kqTumMl6Afv3EISleU7qZUzoXDFTAHTDC4NOoG/ZxU3EvlMPQ==

has-property-descriptors@^1.0.0, has-property-descriptors@^1.0.2:
  version "1.0.2"
  resolved "https://registry.yarnpkg.com/has-property-descriptors/-/has-property-descriptors-1.0.2.tgz#963ed7d071dc7bf5f084c5bfbe0d1b6222586854"
  integrity sha512-55JNKuIW+vq4Ke1BjOTjM2YctQIvCT7GFzHwmfZPGo5wnrgkid0YQtnAleFSqumZm4az3n2BS+erby5ipJdgrg==
  dependencies:
    es-define-property "^1.0.0"

has-symbols@^1.0.3, has-symbols@^1.1.0:
  version "1.1.0"
  resolved "https://registry.yarnpkg.com/has-symbols/-/has-symbols-1.1.0.tgz#fc9c6a783a084951d0b971fe1018de813707a338"
  integrity sha512-1cDNdwJ2Jaohmb3sg4OmKaMBwuC48sYni5HUw2DvsC8LjGTLK9h+eb1X6RyuOHe4hT0ULCW68iomhjUoKUqlPQ==

has-tostringtag@^1.0.2:
  version "1.0.2"
  resolved "https://registry.yarnpkg.com/has-tostringtag/-/has-tostringtag-1.0.2.tgz#2cdc42d40bef2e5b4eeab7c01a73c54ce7ab5abc"
  integrity sha512-NqADB8VjPFLM2V0VvHUewwwsw0ZWBaIdgo+ieHtK3hasLz4qeCRjYcqfB6AQrBggRKppKF8L52/VqdVsO47Dlw==
  dependencies:
    has-symbols "^1.0.3"

hasown@^2.0.2:
  version "2.0.2"
  resolved "https://registry.yarnpkg.com/hasown/-/hasown-2.0.2.tgz#003eaf91be7adc372e84ec59dc37252cedb80003"
  integrity sha512-0hJU9SCPvmMzIBdZFqNPXWa6dqh7WdH0cII9y+CyS8rG3nL48Bclra9HmKhVVUHyPWNH5Y7xDwAB7bfgSjkUMQ==
  dependencies:
    function-bind "^1.1.2"

indent-string@^4.0.0:
  version "4.0.0"
  resolved "https://registry.yarnpkg.com/indent-string/-/indent-string-4.0.0.tgz#624f8f4497d619b2d9768531d58f4122854d7251"
  integrity sha512-EdDDZu4A2OyIK7Lr/2zG+w5jmbuk1DVBnEwREQvBzspBJkCEbRa8GxU1lghYcaGJCnRWibjDXlq779X1/y5xwg==

internal-slot@^1.1.0:
  version "1.1.0"
  resolved "https://registry.yarnpkg.com/internal-slot/-/internal-slot-1.1.0.tgz#1eac91762947d2f7056bc838d93e13b2e9604961"
  integrity sha512-4gd7VpWNQNB4UKKCFFVcp1AVv+FMOgs9NKzjHKusc8jTMhd5eL1NqQqOpE0KzMds804/yHlglp3uxgluOqAPLw==
  dependencies:
    es-errors "^1.3.0"
    hasown "^2.0.2"
    side-channel "^1.1.0"

is-arguments@^1.1.1:
  version "1.2.0"
  resolved "https://registry.yarnpkg.com/is-arguments/-/is-arguments-1.2.0.tgz#ad58c6aecf563b78ef2bf04df540da8f5d7d8e1b"
  integrity sha512-7bVbi0huj/wrIAOzb8U1aszg9kdi3KN/CyU19CTI7tAoZYEZoL9yCDXpbXN+uPsuWnP02cyug1gleqq+TU+YCA==
  dependencies:
    call-bound "^1.0.2"
    has-tostringtag "^1.0.2"

is-array-buffer@^3.0.2, is-array-buffer@^3.0.5:
  version "3.0.5"
  resolved "https://registry.yarnpkg.com/is-array-buffer/-/is-array-buffer-3.0.5.tgz#65742e1e687bd2cc666253068fd8707fe4d44280"
  integrity sha512-DDfANUiiG2wC1qawP66qlTugJeL5HyzMpfr8lLK+jMQirGzNod0B12cFB/9q838Ru27sBwfw78/rdoU7RERz6A==
  dependencies:
    call-bind "^1.0.8"
    call-bound "^1.0.3"
    get-intrinsic "^1.2.6"

is-bigint@^1.1.0:
  version "1.1.0"
  resolved "https://registry.yarnpkg.com/is-bigint/-/is-bigint-1.1.0.tgz#dda7a3445df57a42583db4228682eba7c4170672"
  integrity sha512-n4ZT37wG78iz03xPRKJrHTdZbe3IicyucEtdRsV5yglwc3GyUfbAfpSeD0FJ41NbUNSt5wbhqfp1fS+BgnvDFQ==
  dependencies:
    has-bigints "^1.0.2"

is-boolean-object@^1.2.1:
  version "1.2.1"
  resolved "https://registry.yarnpkg.com/is-boolean-object/-/is-boolean-object-1.2.1.tgz#c20d0c654be05da4fbc23c562635c019e93daf89"
  integrity sha512-l9qO6eFlUETHtuihLcYOaLKByJ1f+N4kthcU9YjHy3N+B3hWv0y/2Nd0mu/7lTFnRQHTrSdXF50HQ3bl5fEnng==
  dependencies:
    call-bound "^1.0.2"
    has-tostringtag "^1.0.2"

is-callable@^1.2.7:
  version "1.2.7"
  resolved "https://registry.yarnpkg.com/is-callable/-/is-callable-1.2.7.tgz#3bc2a85ea742d9e36205dcacdd72ca1fdc51b055"
  integrity sha512-1BC0BVFhS/p0qtw6enp8e+8OD0UrK0oFLztSjNzhcKA3WDuJxxAPXzPuPtKkjEY9UUoEWlX/8fgKeu2S8i9JTA==

is-date-object@^1.0.5:
  version "1.1.0"
  resolved "https://registry.yarnpkg.com/is-date-object/-/is-date-object-1.1.0.tgz#ad85541996fc7aa8b2729701d27b7319f95d82f7"
  integrity sha512-PwwhEakHVKTdRNVOw+/Gyh0+MzlCl4R6qKvkhuvLtPMggI1WAHt9sOwZxQLSGpUaDnrdyDsomoRgNnCfKNSXXg==
  dependencies:
    call-bound "^1.0.2"
    has-tostringtag "^1.0.2"

is-map@^2.0.2, is-map@^2.0.3:
  version "2.0.3"
  resolved "https://registry.yarnpkg.com/is-map/-/is-map-2.0.3.tgz#ede96b7fe1e270b3c4465e3a465658764926d62e"
  integrity sha512-1Qed0/Hr2m+YqxnM09CjA2d/i6YZNfF6R2oRAOj36eUdS6qIV/huPJNSEpKbupewFs+ZsJlxsjjPbc0/afW6Lw==

is-number-object@^1.1.1:
  version "1.1.1"
  resolved "https://registry.yarnpkg.com/is-number-object/-/is-number-object-1.1.1.tgz#144b21e95a1bc148205dcc2814a9134ec41b2541"
  integrity sha512-lZhclumE1G6VYD8VHe35wFaIif+CTy5SJIi5+3y4psDgWu4wPDoBhF8NxUOinEc7pHgiTsT6MaBb92rKhhD+Xw==
  dependencies:
    call-bound "^1.0.3"
    has-tostringtag "^1.0.2"

is-number@^7.0.0:
  version "7.0.0"
  resolved "https://registry.yarnpkg.com/is-number/-/is-number-7.0.0.tgz#7535345b896734d5f80c4d06c50955527a14f12b"
  integrity sha512-41Cifkg6e8TylSpdtTpeLVMqvSBEVzTttHvERD741+pnZ8ANv0004MRL43QKPDlK9cGvNp6NZWZUBlbGXYxxng==

is-regex@^1.1.4, is-regex@^1.2.1:
  version "1.2.1"
  resolved "https://registry.yarnpkg.com/is-regex/-/is-regex-1.2.1.tgz#76d70a3ed10ef9be48eb577887d74205bf0cad22"
  integrity sha512-MjYsKHO5O7mCsmRGxWcLWheFqN9DJ/2TmngvjKXihe6efViPqc274+Fx/4fYj/r03+ESvBdTXK0V6tA3rgez1g==
  dependencies:
    call-bound "^1.0.2"
    gopd "^1.2.0"
    has-tostringtag "^1.0.2"
    hasown "^2.0.2"

is-set@^2.0.2, is-set@^2.0.3:
  version "2.0.3"
  resolved "https://registry.yarnpkg.com/is-set/-/is-set-2.0.3.tgz#8ab209ea424608141372ded6e0cb200ef1d9d01d"
  integrity sha512-iPAjerrse27/ygGLxw+EBR9agv9Y6uLeYVJMu+QNCoouJ1/1ri0mGrcWpfCqFZuzzx3WjtwxG098X+n4OuRkPg==

is-shared-array-buffer@^1.0.2:
  version "1.0.4"
  resolved "https://registry.yarnpkg.com/is-shared-array-buffer/-/is-shared-array-buffer-1.0.4.tgz#9b67844bd9b7f246ba0708c3a93e34269c774f6f"
  integrity sha512-ISWac8drv4ZGfwKl5slpHG9OwPNty4jOWPRIhBpxOoD+hqITiwuipOQ2bNthAzwA3B4fIjO4Nln74N0S9byq8A==
  dependencies:
    call-bound "^1.0.3"

is-string@^1.0.7, is-string@^1.1.1:
  version "1.1.1"
  resolved "https://registry.yarnpkg.com/is-string/-/is-string-1.1.1.tgz#92ea3f3d5c5b6e039ca8677e5ac8d07ea773cbb9"
  integrity sha512-BtEeSsoaQjlSPBemMQIrY1MY0uM6vnS1g5fmufYOtnxLGUZM2178PKbhsk7Ffv58IX+ZtcvoGwccYsh0PglkAA==
  dependencies:
    call-bound "^1.0.3"
    has-tostringtag "^1.0.2"

is-symbol@^1.1.1:
  version "1.1.1"
  resolved "https://registry.yarnpkg.com/is-symbol/-/is-symbol-1.1.1.tgz#f47761279f532e2b05a7024a7506dbbedacd0634"
  integrity sha512-9gGx6GTtCQM73BgmHQXfDmLtfjjTUDSyoxTCbp5WtoixAhfgsDirWIcVQ/IHpvI5Vgd5i/J5F7B9cN/WlVbC/w==
  dependencies:
    call-bound "^1.0.2"
    has-symbols "^1.1.0"
    safe-regex-test "^1.1.0"

is-weakmap@^2.0.2:
  version "2.0.2"
  resolved "https://registry.yarnpkg.com/is-weakmap/-/is-weakmap-2.0.2.tgz#bf72615d649dfe5f699079c54b83e47d1ae19cfd"
  integrity sha512-K5pXYOm9wqY1RgjpL3YTkF39tni1XajUIkawTLUo9EZEVUFga5gSQJF8nNS7ZwJQ02y+1YCNYcMh+HIf1ZqE+w==

is-weakset@^2.0.3:
  version "2.0.4"
  resolved "https://registry.yarnpkg.com/is-weakset/-/is-weakset-2.0.4.tgz#c9f5deb0bc1906c6d6f1027f284ddf459249daca"
  integrity sha512-mfcwb6IzQyOKTs84CQMrOwW4gQcaTOAWJ0zzJCl2WSPDrWk/OzDaImWFH3djXhb24g4eudZfLRozAvPGw4d9hQ==
  dependencies:
    call-bound "^1.0.3"
    get-intrinsic "^1.2.6"

isarray@^2.0.5:
  version "2.0.5"
  resolved "https://registry.yarnpkg.com/isarray/-/isarray-2.0.5.tgz#8af1e4c1221244cc62459faf38940d4e644a5723"
  integrity sha512-xHjhDr3cNBK0BzdUJSPXZntQUx/mwMS5Rw4A7lPJ90XGAO6ISP/ePDNuo0vhqOZU+UD5JoodwCAAoZQd3FeAKw==

jest-diff@^29.7.0:
  version "29.7.0"
  resolved "https://registry.yarnpkg.com/jest-diff/-/jest-diff-29.7.0.tgz#017934a66ebb7ecf6f205e84699be10afd70458a"
  integrity sha512-LMIgiIrhigmPrs03JHpxUh2yISK3vLFPkAodPeo0+BuF7wA2FoQbkEg1u8gBYBThncu7e1oEDUfIXVuTqLRUjw==
  dependencies:
    chalk "^4.0.0"
    diff-sequences "^29.6.3"
    jest-get-type "^29.6.3"
    pretty-format "^29.7.0"

jest-get-type@^29.6.3:
  version "29.6.3"
  resolved "https://registry.yarnpkg.com/jest-get-type/-/jest-get-type-29.6.3.tgz#36f499fdcea197c1045a127319c0481723908fd1"
  integrity sha512-zrteXnqYxfQh7l5FHyL38jL39di8H8rHoecLH3JNxH3BwOrBsNeabdap5e0I23lD4HHI8W5VFBZqG4Eaq5LNcw==

jest-matcher-utils@^29.7.0:
  version "29.7.0"
  resolved "https://registry.yarnpkg.com/jest-matcher-utils/-/jest-matcher-utils-29.7.0.tgz#ae8fec79ff249fd592ce80e3ee474e83a6c44f12"
  integrity sha512-sBkD+Xi9DtcChsI3L3u0+N0opgPYnCRPtGcQYrgXmR+hmt/fYfWAL0xRXYU8eWOdfuLgBe0YCW3AFtnRLagq/g==
  dependencies:
    chalk "^4.0.0"
    jest-diff "^29.7.0"
    jest-get-type "^29.6.3"
    pretty-format "^29.7.0"

jest-message-util@^29.7.0:
  version "29.7.0"
  resolved "https://registry.yarnpkg.com/jest-message-util/-/jest-message-util-29.7.0.tgz#8bc392e204e95dfe7564abbe72a404e28e51f7f3"
  integrity sha512-GBEV4GRADeP+qtB2+6u61stea8mGcOT4mCtrYISZwfu9/ISHFJ/5zOMXYbpBE9RsS5+Gb63DW4FgmnKJ79Kf6w==
  dependencies:
    "@babel/code-frame" "^7.12.13"
    "@jest/types" "^29.6.3"
    "@types/stack-utils" "^2.0.0"
    chalk "^4.0.0"
    graceful-fs "^4.2.9"
    micromatch "^4.0.4"
    pretty-format "^29.7.0"
    slash "^3.0.0"
    stack-utils "^2.0.3"

jest-util@^29.7.0:
  version "29.7.0"
  resolved "https://registry.yarnpkg.com/jest-util/-/jest-util-29.7.0.tgz#23c2b62bfb22be82b44de98055802ff3710fc0bc"
  integrity sha512-z6EbKajIpqGKU56y5KBUgy1dt1ihhQJgWzUlZHArA/+X2ad7Cb5iF+AK1EWVL/Bo7Rz9uurpqw6SiBCefUbCGA==
  dependencies:
    "@jest/types" "^29.6.3"
    "@types/node" "*"
    chalk "^4.0.0"
    ci-info "^3.2.0"
    graceful-fs "^4.2.9"
    picomatch "^2.2.3"

js-tokens@^4.0.0:
  version "4.0.0"
  resolved "https://registry.yarnpkg.com/js-tokens/-/js-tokens-4.0.0.tgz#19203fb59991df98e3a287050d4647cdeaf32499"
  integrity sha512-RdJUflcE3cUzKiMqQgsCu06FPu9UdIJO0beYbPhHN4k6apgJtifcoCtT9bcxOpYBtpD2kCM6Sbzg4CausW/PKQ==

lodash@^4.17.15:
  version "4.17.21"
  resolved "https://registry.yarnpkg.com/lodash/-/lodash-4.17.21.tgz#679591c564c3bffaae8454cf0b3df370c3d6911c"
  integrity sha512-v2kDEe57lecTulaDIuNTPy3Ry4gLGJ6Z1O3vE1krgXZNrsQ+LFTGHVxVjcXPs17LhbZVGedAJv8XZ1tvj5FvSg==

lz-string@^1.5.0:
  version "1.5.0"
  resolved "https://registry.yarnpkg.com/lz-string/-/lz-string-1.5.0.tgz#c1ab50f77887b712621201ba9fd4e3a6ed099941"
  integrity sha512-h5bgJWpxJNswbU7qCrV0tIKQCaS3blPDrqKWx+QxzuzL1zGUzij9XCWLrSLsJPu5t+eWA/ycetzYAO5IOMcWAQ==

math-intrinsics@^1.1.0:
  version "1.1.0"
  resolved "https://registry.yarnpkg.com/math-intrinsics/-/math-intrinsics-1.1.0.tgz#a0dd74be81e2aa5c2f27e65ce283605ee4e2b7f9"
  integrity sha512-/IXtbwEk5HTPyEwyKX6hGkYXxM9nbj64B+ilVJnC/R6B0pH5G4V3b0pVbL7DBj4tkhBAppbQUlf6F6Xl9LHu1g==

micromatch@^4.0.4:
  version "4.0.8"
  resolved "https://registry.yarnpkg.com/micromatch/-/micromatch-4.0.8.tgz#d66fa18f3a47076789320b9b1af32bd86d9fa202"
  integrity sha512-PXwfBhYu0hBCPw8Dn0E+WDYb7af3dSLVWKi3HGv84IdF4TyFoC0ysxFd0Goxw7nSv4T/PzEJQxsYsEiFCKo2BA==
  dependencies:
    braces "^3.0.3"
    picomatch "^2.3.1"

min-indent@^1.0.0:
  version "1.0.1"
  resolved "https://registry.yarnpkg.com/min-indent/-/min-indent-1.0.1.tgz#a63f681673b30571fbe8bc25686ae746eefa9869"
  integrity sha512-I9jwMn07Sy/IwOj3zVkVik2JTvgpaykDZEigL6Rx6N9LbMywwUSMtxET+7lVoDLLd3O3IXwJwvuuns8UB/HeAg==

object-inspect@^1.13.3:
  version "1.13.3"
  resolved "https://registry.yarnpkg.com/object-inspect/-/object-inspect-1.13.3.tgz#f14c183de51130243d6d18ae149375ff50ea488a"
  integrity sha512-kDCGIbxkDSXE3euJZZXzc6to7fCrKHNI/hSRQnRuQ+BWjFNzZwiFF8fj/6o2t2G9/jTj8PSIYTfCLelLZEeRpA==

object-is@^1.1.5:
  version "1.1.6"
  resolved "https://registry.yarnpkg.com/object-is/-/object-is-1.1.6.tgz#1a6a53aed2dd8f7e6775ff870bea58545956ab07"
  integrity sha512-F8cZ+KfGlSGi09lJT7/Nd6KJZ9ygtvYC0/UYYLI9nmQKLMnydpB9yvbv9K1uSkEu7FU9vYPmVwLg328tX+ot3Q==
  dependencies:
    call-bind "^1.0.7"
    define-properties "^1.2.1"

object-keys@^1.1.1:
  version "1.1.1"
  resolved "https://registry.yarnpkg.com/object-keys/-/object-keys-1.1.1.tgz#1c47f272df277f3b1daf061677d9c82e2322c60e"
  integrity sha512-NuAESUOUMrlIXOfHKzD6bpPu3tYt3xvjNdRIQ+FeT0lNb4K8WR70CaDxhuNguS2XG+GjkyMwOzsN5ZktImfhLA==

object.assign@^4.1.4:
  version "4.1.7"
  resolved "https://registry.yarnpkg.com/object.assign/-/object.assign-4.1.7.tgz#8c14ca1a424c6a561b0bb2a22f66f5049a945d3d"
  integrity sha512-nK28WOo+QIjBkDduTINE4JkF/UJJKyf2EJxvJKfblDpyg0Q+pkOHNTL0Qwy6NP6FhE/EnzV73BxxqcJaXY9anw==
  dependencies:
    call-bind "^1.0.8"
    call-bound "^1.0.3"
    define-properties "^1.2.1"
    es-object-atoms "^1.0.0"
    has-symbols "^1.1.0"
    object-keys "^1.1.1"

picocolors@^1.0.0:
  version "1.1.1"
  resolved "https://registry.yarnpkg.com/picocolors/-/picocolors-1.1.1.tgz#3d321af3eab939b083c8f929a1d12cda81c26b6b"
  integrity sha512-xceH2snhtb5M9liqDsmEw56le376mTZkEX/jEb/RxNFyegNul7eNslCXP9FDj/Lcu0X8KEyMceP2ntpaHrDEVA==

picomatch@^2.2.3, picomatch@^2.3.1:
  version "2.3.1"
  resolved "https://registry.yarnpkg.com/picomatch/-/picomatch-2.3.1.tgz#3ba3833733646d9d3e4995946c1365a67fb07a42"
  integrity sha512-JU3teHTNjmE2VCGFzuY8EXzCDVwEqB2a8fsIvwaStHhAWJEeVd1o1QD80CU6+ZdEXXSLbSsuLwJjkCBWqRQUVA==

possible-typed-array-names@^1.0.0:
  version "1.0.0"
  resolved "https://registry.yarnpkg.com/possible-typed-array-names/-/possible-typed-array-names-1.0.0.tgz#89bb63c6fada2c3e90adc4a647beeeb39cc7bf8f"
  integrity sha512-d7Uw+eZoloe0EHDIYoe+bQ5WXnGMOpmiZFTuMWCwpjzzkL2nTjcKiAk4hh8TjnGye2TwWOk3UXucZ+3rbmBa8Q==

pretty-format@^27.0.2:
  version "27.5.1"
  resolved "https://registry.yarnpkg.com/pretty-format/-/pretty-format-27.5.1.tgz#2181879fdea51a7a5851fb39d920faa63f01d88e"
  integrity sha512-Qb1gy5OrP5+zDf2Bvnzdl3jsTf1qXVMazbvCoKhtKqVs4/YK4ozX4gKQJJVyNe+cajNPn0KoC0MC3FUmaHWEmQ==
  dependencies:
    ansi-regex "^5.0.1"
    ansi-styles "^5.0.0"
    react-is "^17.0.1"

pretty-format@^29.0.0, pretty-format@^29.7.0:
  version "29.7.0"
  resolved "https://registry.yarnpkg.com/pretty-format/-/pretty-format-29.7.0.tgz#ca42c758310f365bfa71a0bda0a807160b776812"
  integrity sha512-Pdlw/oPxN+aXdmM9R00JVC9WVFoCLTKJvDVLgmJ+qAffBMxsV85l/Lu7sNx4zSzPyoL2euImuEwHhOXdEgNFZQ==
  dependencies:
    "@jest/schemas" "^29.6.3"
    ansi-styles "^5.0.0"
    react-is "^18.0.0"

react-is@^17.0.1:
  version "17.0.2"
  resolved "https://registry.yarnpkg.com/react-is/-/react-is-17.0.2.tgz#e691d4a8e9c789365655539ab372762b0efb54f0"
  integrity sha512-w2GsyukL62IJnlaff/nRegPQR94C/XXamvMWmSHRJ4y7Ts/4ocGRmTHvOs8PSE6pB3dWOrD/nueuU5sduBsQ4w==

react-is@^18.0.0:
  version "18.3.1"
  resolved "https://registry.yarnpkg.com/react-is/-/react-is-18.3.1.tgz#e83557dc12eae63a99e003a46388b1dcbb44db7e"
  integrity sha512-/LLMVyas0ljjAtoYiPqYiL8VWXzUUdThrmU5+n20DZv+a+ClRoevUzw5JxU+Ieh5/c87ytoTBV9G1FiKfNJdmg==

redent@^3.0.0:
  version "3.0.0"
  resolved "https://registry.yarnpkg.com/redent/-/redent-3.0.0.tgz#e557b7998316bb53c9f1f56fa626352c6963059f"
  integrity sha512-6tDA8g98We0zd0GvVeMT9arEOnTw9qM03L9cJXaCjrip1OO764RDBLBfrB4cwzNGDj5OA5ioymC9GkizgWJDUg==
  dependencies:
    indent-string "^4.0.0"
    strip-indent "^3.0.0"

regenerator-runtime@^0.14.0:
  version "0.14.1"
  resolved "https://registry.yarnpkg.com/regenerator-runtime/-/regenerator-runtime-0.14.1.tgz#356ade10263f685dda125100cd862c1db895327f"
  integrity sha512-dYnhHh0nJoMfnkZs6GmmhFknAGRrLznOu5nc9ML+EJxGvrx6H7teuevqVqCuPcPK//3eDrrjQhehXVx9cnkGdw==

regexp.prototype.flags@^1.5.1:
  version "1.5.4"
  resolved "https://registry.yarnpkg.com/regexp.prototype.flags/-/regexp.prototype.flags-1.5.4.tgz#1ad6c62d44a259007e55b3970e00f746efbcaa19"
  integrity sha512-dYqgNSZbDwkaJ2ceRd9ojCGjBq+mOm9LmtXnAnEGyHhN/5R7iDW2TRw3h+o/jCFxus3P2LfWIIiwowAjANm7IA==
  dependencies:
    call-bind "^1.0.8"
    define-properties "^1.2.1"
    es-errors "^1.3.0"
    get-proto "^1.0.1"
    gopd "^1.2.0"
    set-function-name "^2.0.2"

safe-regex-test@^1.1.0:
  version "1.1.0"
  resolved "https://registry.yarnpkg.com/safe-regex-test/-/safe-regex-test-1.1.0.tgz#7f87dfb67a3150782eaaf18583ff5d1711ac10c1"
  integrity sha512-x/+Cz4YrimQxQccJf5mKEbIa1NzeCRNI5Ecl/ekmlYaampdNLPalVyIcCZNNH3MvmqBugV5TMYZXv0ljslUlaw==
  dependencies:
    call-bound "^1.0.2"
    es-errors "^1.3.0"
    is-regex "^1.2.1"

set-function-length@^1.2.2:
  version "1.2.2"
  resolved "https://registry.yarnpkg.com/set-function-length/-/set-function-length-1.2.2.tgz#aac72314198eaed975cf77b2c3b6b880695e5449"
  integrity sha512-pgRc4hJ4/sNjWCSS9AmnS40x3bNMDTknHgL5UaMBTMyJnU90EgWh1Rz+MC9eFu4BuN/UwZjKQuY/1v3rM7HMfg==
  dependencies:
    define-data-property "^1.1.4"
    es-errors "^1.3.0"
    function-bind "^1.1.2"
    get-intrinsic "^1.2.4"
    gopd "^1.0.1"
    has-property-descriptors "^1.0.2"

set-function-name@^2.0.2:
  version "2.0.2"
  resolved "https://registry.yarnpkg.com/set-function-name/-/set-function-name-2.0.2.tgz#16a705c5a0dc2f5e638ca96d8a8cd4e1c2b90985"
  integrity sha512-7PGFlmtwsEADb0WYyvCMa1t+yke6daIG4Wirafur5kcf+MhUnPms1UeR0CKQdTZD81yESwMHbtn+TR+dMviakQ==
  dependencies:
    define-data-property "^1.1.4"
    es-errors "^1.3.0"
    functions-have-names "^1.2.3"
    has-property-descriptors "^1.0.2"

side-channel-list@^1.0.0:
  version "1.0.0"
  resolved "https://registry.yarnpkg.com/side-channel-list/-/side-channel-list-1.0.0.tgz#10cb5984263115d3b7a0e336591e290a830af8ad"
  integrity sha512-FCLHtRD/gnpCiCHEiJLOwdmFP+wzCmDEkc9y7NsYxeF4u7Btsn1ZuwgwJGxImImHicJArLP4R0yX4c2KCrMrTA==
  dependencies:
    es-errors "^1.3.0"
    object-inspect "^1.13.3"

side-channel-map@^1.0.1:
  version "1.0.1"
  resolved "https://registry.yarnpkg.com/side-channel-map/-/side-channel-map-1.0.1.tgz#d6bb6b37902c6fef5174e5f533fab4c732a26f42"
  integrity sha512-VCjCNfgMsby3tTdo02nbjtM/ewra6jPHmpThenkTYh8pG9ucZ/1P8So4u4FGBek/BjpOVsDCMoLA/iuBKIFXRA==
  dependencies:
    call-bound "^1.0.2"
    es-errors "^1.3.0"
    get-intrinsic "^1.2.5"
    object-inspect "^1.13.3"

side-channel-weakmap@^1.0.2:
  version "1.0.2"
  resolved "https://registry.yarnpkg.com/side-channel-weakmap/-/side-channel-weakmap-1.0.2.tgz#11dda19d5368e40ce9ec2bdc1fb0ecbc0790ecea"
  integrity sha512-WPS/HvHQTYnHisLo9McqBHOJk2FkHO/tlpvldyrnem4aeQp4hai3gythswg6p01oSoTl58rcpiFAjF2br2Ak2A==
  dependencies:
    call-bound "^1.0.2"
    es-errors "^1.3.0"
    get-intrinsic "^1.2.5"
    object-inspect "^1.13.3"
    side-channel-map "^1.0.1"

side-channel@^1.0.4, side-channel@^1.1.0:
  version "1.1.0"
  resolved "https://registry.yarnpkg.com/side-channel/-/side-channel-1.1.0.tgz#c3fcff9c4da932784873335ec9765fa94ff66bc9"
  integrity sha512-ZX99e6tRweoUXqR+VBrslhda51Nh5MTQwou5tnUDgbtyM0dBgmhEDtWGP/xbKn6hqfPRHujUNwz5fy/wbbhnpw==
  dependencies:
    es-errors "^1.3.0"
    object-inspect "^1.13.3"
    side-channel-list "^1.0.0"
    side-channel-map "^1.0.1"
    side-channel-weakmap "^1.0.2"

slash@^3.0.0:
  version "3.0.0"
  resolved "https://registry.yarnpkg.com/slash/-/slash-3.0.0.tgz#6539be870c165adbd5240220dbe361f1bc4d4634"
  integrity sha512-g9Q1haeby36OSStwb4ntCGGGaKsaVSjQ68fBxoQcutl5fS1vuY18H3wSt3jFyFtrkx+Kz0V1G85A4MyAdDMi2Q==

stack-utils@^2.0.3:
  version "2.0.6"
  resolved "https://registry.yarnpkg.com/stack-utils/-/stack-utils-2.0.6.tgz#aaf0748169c02fc33c8232abccf933f54a1cc34f"
  integrity sha512-XlkWvfIm6RmsWtNJx+uqtKLS8eqFbxUg0ZzLXqY0caEy9l7hruX8IpiDnjsLavoBgqCCR71TqWO8MaXYheJ3RQ==
  dependencies:
    escape-string-regexp "^2.0.0"

stop-iteration-iterator@^1.0.0:
  version "1.1.0"
  resolved "https://registry.yarnpkg.com/stop-iteration-iterator/-/stop-iteration-iterator-1.1.0.tgz#f481ff70a548f6124d0312c3aa14cbfa7aa542ad"
  integrity sha512-eLoXW/DHyl62zxY4SCaIgnRhuMr6ri4juEYARS8E6sCEqzKpOiE521Ucofdx+KnDZl5xmvGYaaKCk5FEOxJCoQ==
  dependencies:
    es-errors "^1.3.0"
    internal-slot "^1.1.0"

strip-indent@^3.0.0:
  version "3.0.0"
  resolved "https://registry.yarnpkg.com/strip-indent/-/strip-indent-3.0.0.tgz#c32e1cee940b6b3432c771bc2c54bcce73cd3001"
  integrity sha512-laJTa3Jb+VQpaC6DseHhF7dXVqHTfJPCRDaEbid/drOhgitgYku/letMUqOXFoWV0zIIUbjpdH2t+tYj4bQMRQ==
  dependencies:
    min-indent "^1.0.0"

supports-color@^7.1.0:
  version "7.2.0"
  resolved "https://registry.yarnpkg.com/supports-color/-/supports-color-7.2.0.tgz#1b7dcdcb32b8138801b3e478ba6a51caa89648da"
  integrity sha512-qpCAvRl9stuOHveKsn7HncJRvv501qIacKzQlO/+Lwxc9+0q2wLyv4Dfvt80/DPn2pqOBsJdDiogXGR9+OvwRw==
  dependencies:
    has-flag "^4.0.0"

to-regex-range@^5.0.1:
  version "5.0.1"
  resolved "https://registry.yarnpkg.com/to-regex-range/-/to-regex-range-5.0.1.tgz#1648c44aae7c8d988a326018ed72f5b4dd0392e4"
  integrity sha512-65P7iz6X5yEr1cwcgvQxbbIw7Uk3gOy5dIdtZ4rDveLqhrdJP+Li/Hx6tyK0NEb+2GCyneCMJiGqrADCSNk8sQ==
  dependencies:
    is-number "^7.0.0"

undici-types@~6.20.0:
  version "6.20.0"
  resolved "https://registry.yarnpkg.com/undici-types/-/undici-types-6.20.0.tgz#8171bf22c1f588d1554d55bf204bc624af388433"
  integrity sha512-Ny6QZ2Nju20vw1SRHe3d9jVu6gJ+4e3+MMpqu7pqE5HT6WsTSlce++GQmK5UXS8mzV8DSYHrQH+Xrf2jVcuKNg==

which-boxed-primitive@^1.0.2:
  version "1.1.1"
  resolved "https://registry.yarnpkg.com/which-boxed-primitive/-/which-boxed-primitive-1.1.1.tgz#d76ec27df7fa165f18d5808374a5fe23c29b176e"
  integrity sha512-TbX3mj8n0odCBFVlY8AxkqcHASw3L60jIuF8jFP78az3C2YhmGvqbHBpAjTRH2/xqYunrJ9g1jSyjCjpoWzIAA==
  dependencies:
    is-bigint "^1.1.0"
    is-boolean-object "^1.2.1"
    is-number-object "^1.1.1"
    is-string "^1.1.1"
    is-symbol "^1.1.1"

which-collection@^1.0.1:
  version "1.0.2"
  resolved "https://registry.yarnpkg.com/which-collection/-/which-collection-1.0.2.tgz#627ef76243920a107e7ce8e96191debe4b16c2a0"
  integrity sha512-K4jVyjnBdgvc86Y6BkaLZEN933SwYOuBFkdmBu9ZfkcAbdVbpITnDmjvZ/aQjRXQrv5EPkTnD1s39GiiqbngCw==
  dependencies:
    is-map "^2.0.3"
    is-set "^2.0.3"
    is-weakmap "^2.0.2"
    is-weakset "^2.0.3"

which-typed-array@^1.1.13:
  version "1.1.18"
  resolved "https://registry.yarnpkg.com/which-typed-array/-/which-typed-array-1.1.18.tgz#df2389ebf3fbb246a71390e90730a9edb6ce17ad"
  integrity sha512-qEcY+KJYlWyLH9vNbsr6/5j59AXk5ni5aakf8ldzBvGde6Iz4sxZGkJyWSAueTG7QhOvNRYb1lDdFmL5Td0QKA==
  dependencies:
    available-typed-arrays "^1.0.7"
    call-bind "^1.0.8"
    call-bound "^1.0.3"
    for-each "^0.3.3"
    gopd "^1.2.0"
    has-tostringtag "^1.0.2"
